{
  "name": "iterbox",
  "version": "1.0.0",
  "lockfileVersion": 2,
  "requires": true,
  "packages": {
    "": {
      "name": "iterbox",
      "version": "1.0.0",
      "license": "ISC",
      "dependencies": {
        "iterbox": "github:mse99/iterbox"
      }
    },
    "node_modules/iterbox": {
      "version": "1.0.0",
      "resolved": "git+ssh://git@github.com/mse99/iterbox.git#ba5bfc3c44b70ac7da86856055db9665318e19e8",
      "license": "ISC",
      "dependencies": {
        "iterbox": "github:mse99/iterbox"
      }
    }
  },
  "dependencies": {
    "iterbox": {
      "version": "git+ssh://git@github.com/mse99/iterbox.git#ba5bfc3c44b70ac7da86856055db9665318e19e8",
      "from": "iterbox@github:mse99/iterbox",
      "requires": {
        "iterbox": "github:mse99/iterbox"
      }
    }
  }
}
