{
  "name": "iterbox",
  "version": "1.0.0",
  "lockfileVersion": 2,
  "requires": true,
  "packages": {
    "": {
      "name": "iterbox",
      "version": "1.0.0",
      "license": "ISC",
      "dependencies": {
        "iterbox": "github:mse99/iterbox"
      }
    },
    "node_modules/iterbox": {
      "version": "1.0.0",
      "resolved": "git+ssh://git@github.com/mse99/iterbox.git#ca5c6c8880046e833bcb45fe678389fd7aaa11d1",
      "license": "ISC"
    }
  },
  "dependencies": {
    "iterbox": {
      "version": "git+ssh://git@github.com/mse99/iterbox.git#ca5c6c8880046e833bcb45fe678389fd7aaa11d1",
      "from": "iterbox@mse99/iterbox"
    }
  }
}
